
Microsoft Visual Studio Solution File, Format Version 12.00
# Visual Studio 14
VisualStudioVersion = 14.0.23107.0
MinimumVisualStudioVersion = 10.0.40219.1
Project("{2150E333-8FDC-42A3-9474-1A3956D46DE8}") = "src", "src", "{707A65B3-5157-4F4B-8237-74B6FFFC77E3}"
EndProject
Project("{2150E333-8FDC-42A3-9474-1A3956D46DE8}") = "Solution Items", "Solution Items", "{3D81BE89-9F9C-49C7-997A-C551386610D4}"
	ProjectSection(SolutionItems) = preProject
		global.json = global.json
		readme.md = readme.md
	EndProjectSection
EndProject
Project("{8BB2217D-0F2D-49D1-97BC-3654ED321F3B}") = "LawnMowers.Console", "src\LawnMowers.Console\LawnMowers.Console.xproj", "{9F2C83B2-4EFC-42B5-B26A-E13C1ABC6012}"
EndProject
Project("{8BB2217D-0F2D-49D1-97BC-3654ED321F3B}") = "LawnMowers.Domain", "src\LawnMowers.Domain\LawnMowers.Domain.xproj", "{2BBC103F-580E-46FD-9042-BB99A866DF27}"
EndProject
Project("{2150E333-8FDC-42A3-9474-1A3956D46DE8}") = "test", "test", "{12531D73-2591-406F-8EFE-A411AB467F88}"
EndProject
Project("{8BB2217D-0F2D-49D1-97BC-3654ED321F3B}") = "LawnMowers.Domain.Tests", "test\LawnMowers.Domain.Tests\LawnMowers.Domain.Tests.xproj", "{688785E7-ADD5-4086-AB6F-6D8B6CB997AD}"
EndProject
Project("{8BB2217D-0F2D-49D1-97BC-3654ED321F3B}") = "LawnMowers.Console.Tests", "test\LawnMowers.Console.Tests\LawnMowers.Console.Tests.xproj", "{27BADB26-418A-47E0-82D4-29F2CBEA31D5}"
EndProject
Global
	GlobalSection(SolutionConfigurationPlatforms) = preSolution
		Debug|Any CPU = Debug|Any CPU
		Release|Any CPU = Release|Any CPU
	EndGlobalSection
	GlobalSection(ProjectConfigurationPlatforms) = postSolution
		{9F2C83B2-4EFC-42B5-B26A-E13C1ABC6012}.Debug|Any CPU.ActiveCfg = Debug|Any CPU
		{9F2C83B2-4EFC-42B5-B26A-E13C1ABC6012}.Debug|Any CPU.Build.0 = Debug|Any CPU
		{9F2C83B2-4EFC-42B5-B26A-E13C1ABC6012}.Release|Any CPU.ActiveCfg = Release|Any CPU
		{9F2C83B2-4EFC-42B5-B26A-E13C1ABC6012}.Release|Any CPU.Build.0 = Release|Any CPU
		{2BBC103F-580E-46FD-9042-BB99A866DF27}.Debug|Any CPU.ActiveCfg = Debug|Any CPU
		{2BBC103F-580E-46FD-9042-BB99A866DF27}.Debug|Any CPU.Build.0 = Debug|Any CPU
		{2BBC103F-580E-46FD-9042-BB99A866DF27}.Release|Any CPU.ActiveCfg = Release|Any CPU
		{2BBC103F-580E-46FD-9042-BB99A866DF27}.Release|Any CPU.Build.0 = Release|Any CPU
		{688785E7-ADD5-4086-AB6F-6D8B6CB997AD}.Debug|Any CPU.ActiveCfg = Debug|Any CPU
		{688785E7-ADD5-4086-AB6F-6D8B6CB997AD}.Debug|Any CPU.Build.0 = Debug|Any CPU
		{688785E7-ADD5-4086-AB6F-6D8B6CB997AD}.Release|Any CPU.ActiveCfg = Release|Any CPU
		{688785E7-ADD5-4086-AB6F-6D8B6CB997AD}.Release|Any CPU.Build.0 = Release|Any CPU
		{27BADB26-418A-47E0-82D4-29F2CBEA31D5}.Debug|Any CPU.ActiveCfg = Debug|Any CPU
		{27BADB26-418A-47E0-82D4-29F2CBEA31D5}.Debug|Any CPU.Build.0 = Debug|Any CPU
		{27BADB26-418A-47E0-82D4-29F2CBEA31D5}.Release|Any CPU.ActiveCfg = Release|Any CPU
		{27BADB26-418A-47E0-82D4-29F2CBEA31D5}.Release|Any CPU.Build.0 = Release|Any CPU
	EndGlobalSection
	GlobalSection(SolutionProperties) = preSolution
		HideSolutionNode = FALSE
	EndGlobalSection
	GlobalSection(NestedProjects) = preSolution
		{9F2C83B2-4EFC-42B5-B26A-E13C1ABC6012} = {707A65B3-5157-4F4B-8237-74B6FFFC77E3}
		{2BBC103F-580E-46FD-9042-BB99A866DF27} = {707A65B3-5157-4F4B-8237-74B6FFFC77E3}
		{688785E7-ADD5-4086-AB6F-6D8B6CB997AD} = {12531D73-2591-406F-8EFE-A411AB467F88}
		{27BADB26-418A-47E0-82D4-29F2CBEA31D5} = {12531D73-2591-406F-8EFE-A411AB467F88}
	EndGlobalSection
EndGlobal
